
Microsoft Visual Studio Solution File, Format Version 12.00
# Visual Studio Version 17
VisualStudioVersion = 17.5.2.0
MinimumVisualStudioVersion = 10.0.40219.1
Project("{2150E333-8FDC-42A3-9474-1A3956D46DE8}") = "src", "src", "{827E0CD3-B72D-47B6-A68D-7590B98EB39B}"
EndProject
Project("{FAE04EC0-301F-11D3-BF4B-00C04F79EFBC}") = "Domain", "src\Domain\Domain.csproj", "{21B4D351-462B-42EB-958B-5E33718DFBE3}"
EndProject
Project("{FAE04EC0-301F-11D3-BF4B-00C04F79EFBC}") = "WebApi", "src\WebApi\WebApi.csproj", "{7F526A07-1558-474E-8958-FE0EEB850024}"
EndProject
Project("{FAE04EC0-301F-11D3-BF4B-00C04F79EFBC}") = "Application", "src\Application\Application.csproj", "{FEA994C3-4631-4B84-9EDF-E2C8837042C6}"
EndProject
Project("{FAE04EC0-301F-11D3-BF4B-00C04F79EFBC}") = "Infrastructure", "src\Infrastructure\Infrastructure.csproj", "{3819F2FC-327A-4175-B13E-E81EEF7E2476}"
EndProject
Global
	GlobalSection(SolutionConfigurationPlatforms) = preSolution
		Debug|Any CPU = Debug|Any CPU
		Debug|x64 = Debug|x64
		Debug|x86 = Debug|x86
		Release|Any CPU = Release|Any CPU
		Release|x64 = Release|x64
		Release|x86 = Release|x86
	EndGlobalSection
	GlobalSection(ProjectConfigurationPlatforms) = postSolution
		{21B4D351-462B-42EB-958B-5E33718DFBE3}.Debug|Any CPU.ActiveCfg = Debug|Any CPU
		{21B4D351-462B-42EB-958B-5E33718DFBE3}.Debug|Any CPU.Build.0 = Debug|Any CPU
		{21B4D351-462B-42EB-958B-5E33718DFBE3}.Debug|x64.ActiveCfg = Debug|Any CPU
		{21B4D351-462B-42EB-958B-5E33718DFBE3}.Debug|x64.Build.0 = Debug|Any CPU
		{21B4D351-462B-42EB-958B-5E33718DFBE3}.Debug|x86.ActiveCfg = Debug|Any CPU
		{21B4D351-462B-42EB-958B-5E33718DFBE3}.Debug|x86.Build.0 = Debug|Any CPU
		{21B4D351-462B-42EB-958B-5E33718DFBE3}.Release|Any CPU.ActiveCfg = Release|Any CPU
		{21B4D351-462B-42EB-958B-5E33718DFBE3}.Release|Any CPU.Build.0 = Release|Any CPU
		{21B4D351-462B-42EB-958B-5E33718DFBE3}.Release|x64.ActiveCfg = Release|Any CPU
		{21B4D351-462B-42EB-958B-5E33718DFBE3}.Release|x64.Build.0 = Release|Any CPU
		{21B4D351-462B-42EB-958B-5E33718DFBE3}.Release|x86.ActiveCfg = Release|Any CPU
		{21B4D351-462B-42EB-958B-5E33718DFBE3}.Release|x86.Build.0 = Release|Any CPU
		{7F526A07-1558-474E-8958-FE0EEB850024}.Debug|Any CPU.ActiveCfg = Debug|Any CPU
		{7F526A07-1558-474E-8958-FE0EEB850024}.Debug|Any CPU.Build.0 = Debug|Any CPU
		{7F526A07-1558-474E-8958-FE0EEB850024}.Debug|x64.ActiveCfg = Debug|Any CPU
		{7F526A07-1558-474E-8958-FE0EEB850024}.Debug|x64.Build.0 = Debug|Any CPU
		{7F526A07-1558-474E-8958-FE0EEB850024}.Debug|x86.ActiveCfg = Debug|Any CPU
		{7F526A07-1558-474E-8958-FE0EEB850024}.Debug|x86.Build.0 = Debug|Any CPU
		{7F526A07-1558-474E-8958-FE0EEB850024}.Release|Any CPU.ActiveCfg = Release|Any CPU
		{7F526A07-1558-474E-8958-FE0EEB850024}.Release|Any CPU.Build.0 = Release|Any CPU
		{7F526A07-1558-474E-8958-FE0EEB850024}.Release|x64.ActiveCfg = Release|Any CPU
		{7F526A07-1558-474E-8958-FE0EEB850024}.Release|x64.Build.0 = Release|Any CPU
		{7F526A07-1558-474E-8958-FE0EEB850024}.Release|x86.ActiveCfg = Release|Any CPU
		{7F526A07-1558-474E-8958-FE0EEB850024}.Release|x86.Build.0 = Release|Any CPU
		{FEA994C3-4631-4B84-9EDF-E2C8837042C6}.Debug|Any CPU.ActiveCfg = Debug|Any CPU
		{FEA994C3-4631-4B84-9EDF-E2C8837042C6}.Debug|Any CPU.Build.0 = Debug|Any CPU
		{FEA994C3-4631-4B84-9EDF-E2C8837042C6}.Debug|x64.ActiveCfg = Debug|Any CPU
		{FEA994C3-4631-4B84-9EDF-E2C8837042C6}.Debug|x64.Build.0 = Debug|Any CPU
		{FEA994C3-4631-4B84-9EDF-E2C8837042C6}.Debug|x86.ActiveCfg = Debug|Any CPU
		{FEA994C3-4631-4B84-9EDF-E2C8837042C6}.Debug|x86.Build.0 = Debug|Any CPU
		{FEA994C3-4631-4B84-9EDF-E2C8837042C6}.Release|Any CPU.ActiveCfg = Release|Any CPU
		{FEA994C3-4631-4B84-9EDF-E2C8837042C6}.Release|Any CPU.Build.0 = Release|Any CPU
		{FEA994C3-4631-4B84-9EDF-E2C8837042C6}.Release|x64.ActiveCfg = Release|Any CPU
		{FEA994C3-4631-4B84-9EDF-E2C8837042C6}.Release|x64.Build.0 = Release|Any CPU
		{FEA994C3-4631-4B84-9EDF-E2C8837042C6}.Release|x86.ActiveCfg = Release|Any CPU
		{FEA994C3-4631-4B84-9EDF-E2C8837042C6}.Release|x86.Build.0 = Release|Any CPU
		{3819F2FC-327A-4175-B13E-E81EEF7E2476}.Debug|Any CPU.ActiveCfg = Debug|Any CPU
		{3819F2FC-327A-4175-B13E-E81EEF7E2476}.Debug|Any CPU.Build.0 = Debug|Any CPU
		{3819F2FC-327A-4175-B13E-E81EEF7E2476}.Debug|x64.ActiveCfg = Debug|Any CPU
		{3819F2FC-327A-4175-B13E-E81EEF7E2476}.Debug|x64.Build.0 = Debug|Any CPU
		{3819F2FC-327A-4175-B13E-E81EEF7E2476}.Debug|x86.ActiveCfg = Debug|Any CPU
		{3819F2FC-327A-4175-B13E-E81EEF7E2476}.Debug|x86.Build.0 = Debug|Any CPU
		{3819F2FC-327A-4175-B13E-E81EEF7E2476}.Release|Any CPU.ActiveCfg = Release|Any CPU
		{3819F2FC-327A-4175-B13E-E81EEF7E2476}.Release|Any CPU.Build.0 = Release|Any CPU
		{3819F2FC-327A-4175-B13E-E81EEF7E2476}.Release|x64.ActiveCfg = Release|Any CPU
		{3819F2FC-327A-4175-B13E-E81EEF7E2476}.Release|x64.Build.0 = Release|Any CPU
		{3819F2FC-327A-4175-B13E-E81EEF7E2476}.Release|x86.ActiveCfg = Release|Any CPU
		{3819F2FC-327A-4175-B13E-E81EEF7E2476}.Release|x86.Build.0 = Release|Any CPU
	EndGlobalSection
	GlobalSection(SolutionProperties) = preSolution
		HideSolutionNode = FALSE
	EndGlobalSection
	GlobalSection(NestedProjects) = preSolution
		{21B4D351-462B-42EB-958B-5E33718DFBE3} = {827E0CD3-B72D-47B6-A68D-7590B98EB39B}
		{7F526A07-1558-474E-8958-FE0EEB850024} = {827E0CD3-B72D-47B6-A68D-7590B98EB39B}
		{FEA994C3-4631-4B84-9EDF-E2C8837042C6} = {827E0CD3-B72D-47B6-A68D-7590B98EB39B}
		{3819F2FC-327A-4175-B13E-E81EEF7E2476} = {827E0CD3-B72D-47B6-A68D-7590B98EB39B}
	EndGlobalSection
	GlobalSection(ExtensibilityGlobals) = postSolution
		SolutionGuid = {ABC18571-FBC0-42BE-854A-D1531A35C074}
	EndGlobalSection
EndGlobal
