Microsoft Visual Studio Solution File, Format Version 12.00
# Visual Studio Version 17
VisualStudioVersion = 17.5.2.0
MinimumVisualStudioVersion = 10.0.40219.1
Project("{FAE04EC0-301F-11D3-BF4B-00C04F79EFBC}") = "WebApi", "src\WebApi\WebApi.csproj", "{1E9845D7-7AB8-FA3E-9F82-348C7BD052BC}"
EndProject
Global
	GlobalSection(SolutionConfigurationPlatforms) = preSolution
		Debug|Any CPU = Debug|Any CPU
		Release|Any CPU = Release|Any CPU
	EndGlobalSection
	GlobalSection(ProjectConfigurationPlatforms) = postSolution
		{1E9845D7-7AB8-FA3E-9F82-348C7BD052BC}.Debug|Any CPU.ActiveCfg = Debug|Any CPU
		{1E9845D7-7AB8-FA3E-9F82-348C7BD052BC}.Debug|Any CPU.Build.0 = Debug|Any CPU
		{1E9845D7-7AB8-FA3E-9F82-348C7BD052BC}.Release|Any CPU.ActiveCfg = Release|Any CPU
		{1E9845D7-7AB8-FA3E-9F82-348C7BD052BC}.Release|Any CPU.Build.0 = Release|Any CPU
	EndGlobalSection
	GlobalSection(SolutionProperties) = preSolution
		HideSolutionNode = FALSE
	EndGlobalSection
	GlobalSection(ExtensibilityGlobals) = postSolution
		SolutionGuid = {ABC18571-FBC0-42BE-854A-D1531A35C074}
	EndGlobalSection
EndGlobal
